
Microsoft Visual Studio Solution File, Format Version 12.00
# Visual Studio Version 16
VisualStudioVersion = 16.0.29424.173
MinimumVisualStudioVersion = 10.0.40219.1
Project("{9A19103F-16F7-4668-BE54-9A1E7A4F7556}") = "Restaurant", "Restaurant.csproj", "{2B83F3E7-DF52-4B9E-ACC6-F42C33663E9E}"
EndProject
Global
	GlobalSection(SolutionConfigurationPlatforms) = preSolution
		Debug|Any CPU = Debug|Any CPU
		Release|Any CPU = Release|Any CPU
	EndGlobalSection
	GlobalSection(ProjectConfigurationPlatforms) = postSolution
		{2B83F3E7-DF52-4B9E-ACC6-F42C33663E9E}.Debug|Any CPU.ActiveCfg = Debug|Any CPU
		{2B83F3E7-DF52-4B9E-ACC6-F42C33663E9E}.Debug|Any CPU.Build.0 = Debug|Any CPU
		{2B83F3E7-DF52-4B9E-ACC6-F42C33663E9E}.Release|Any CPU.ActiveCfg = Release|Any CPU
		{2B83F3E7-DF52-4B9E-ACC6-F42C33663E9E}.Release|Any CPU.Build.0 = Release|Any CPU
	EndGlobalSection
	GlobalSection(SolutionProperties) = preSolution
		HideSolutionNode = FALSE
	EndGlobalSection
	GlobalSection(ExtensibilityGlobals) = postSolution
		SolutionGuid = {056D99D6-1962-4B68-9C2F-A0F047A9E88C}
	EndGlobalSection
EndGlobal
